// !$*UTF8*$!
{
	archiveVersion = 1;
	classes = {
	};
	objectVersion = 46;
	objects = {

/* Begin PBXBuildFile section */
		C71256A41AD6BF3600EE9DC8 /* OARMarkerDetectorResult.m in Sources */ = {isa = PBXBuildFile; fileRef = C71256A31AD6BF3600EE9DC8 /* OARMarkerDetectorResult.m */; };
		C71256A51AD6BF3600EE9DC8 /* OARMarkerDetectorResult.m in Sources */ = {isa = PBXBuildFile; fileRef = C71256A31AD6BF3600EE9DC8 /* OARMarkerDetectorResult.m */; };
		C71B53381AC5749E00DFE01D /* libVuforia.a in Frameworks */ = {isa = PBXBuildFile; fileRef = C71B53371AC5749E00DFE01D /* libVuforia.a */; };
		C725362E1AD29E0000F4103F /* markers.json in Resources */ = {isa = PBXBuildFile; fileRef = C725362D1AD29E0000F4103F /* markers.json */; };
		C725362F1AD29E0000F4103F /* markers.json in Resources */ = {isa = PBXBuildFile; fileRef = C725362D1AD29E0000F4103F /* markers.json */; };
		C72536361AD515B700F4103F /* NSLogCPP.mm in Sources */ = {isa = PBXBuildFile; fileRef = C72536321AD515B700F4103F /* NSLogCPP.mm */; };
		C72536371AD515B700F4103F /* NSLogCPP.mm in Sources */ = {isa = PBXBuildFile; fileRef = C72536321AD515B700F4103F /* NSLogCPP.mm */; };
		C72536381AD515B700F4103F /* OARLogger.m in Sources */ = {isa = PBXBuildFile; fileRef = C72536341AD515B700F4103F /* OARLogger.m */; };
		C72536391AD515B700F4103F /* OARLogger.m in Sources */ = {isa = PBXBuildFile; fileRef = C72536341AD515B700F4103F /* OARLogger.m */; };
		C725363C1AD51DED00F4103F /* QCARUtilities.cpp in Sources */ = {isa = PBXBuildFile; fileRef = C725363A1AD51DED00F4103F /* QCARUtilities.cpp */; };
		C725363D1AD51DED00F4103F /* QCARUtilities.cpp in Sources */ = {isa = PBXBuildFile; fileRef = C725363A1AD51DED00F4103F /* QCARUtilities.cpp */; };
		C725363F1AD5307000F4103F /* vuforia-license.json in Resources */ = {isa = PBXBuildFile; fileRef = C725363E1AD5307000F4103F /* vuforia-license.json */; };
		C72536401AD5307000F4103F /* vuforia-license.json in Resources */ = {isa = PBXBuildFile; fileRef = C725363E1AD5307000F4103F /* vuforia-license.json */; };
		C7AA9BD51AC574D300BCD23B /* libVuforia.a in Frameworks */ = {isa = PBXBuildFile; fileRef = C71B53371AC5749E00DFE01D /* libVuforia.a */; };
		C7AA9BD71AC57C8200BCD23B /* CoreMotion.framework in Frameworks */ = {isa = PBXBuildFile; fileRef = C7AA9BD61AC57C8200BCD23B /* CoreMotion.framework */; };
		C7AA9BD91AC57C9900BCD23B /* SystemConfiguration.framework in Frameworks */ = {isa = PBXBuildFile; fileRef = C7AA9BD81AC57C9900BCD23B /* SystemConfiguration.framework */; };
		C7AA9BDA1AC57CB300BCD23B /* CoreMotion.framework in Frameworks */ = {isa = PBXBuildFile; fileRef = C7AA9BD61AC57C8200BCD23B /* CoreMotion.framework */; };
		C7AA9BDB1AC57CC000BCD23B /* SystemConfiguration.framework in Frameworks */ = {isa = PBXBuildFile; fileRef = C7AA9BD81AC57C9900BCD23B /* SystemConfiguration.framework */; };
		C7B10DFA1ABC2D370020BFDB /* OARAppDelegate.m in Sources */ = {isa = PBXBuildFile; fileRef = C7B10DF91ABC2D370020BFDB /* OARAppDelegate.m */; };
		C7B10DFD1ABC2D370020BFDB /* OARViewController.m in Sources */ = {isa = PBXBuildFile; fileRef = C7B10DFC1ABC2D370020BFDB /* OARViewController.m */; };
		C7B10E111ABC2D370020BFDB /* OpenARTests.m in Sources */ = {isa = PBXBuildFile; fileRef = C7B10E101ABC2D370020BFDB /* OpenARTests.m */; };
		C7B10E211ABC34560020BFDB /* OARViewController.m in Sources */ = {isa = PBXBuildFile; fileRef = C7B10DFC1ABC2D370020BFDB /* OARViewController.m */; };
		C7B10E221ABC34560020BFDB /* OARAppDelegate.m in Sources */ = {isa = PBXBuildFile; fileRef = C7B10DF91ABC2D370020BFDB /* OARAppDelegate.m */; };
		C7B10E251ABC34560020BFDB /* libPods.a in Frameworks */ = {isa = PBXBuildFile; fileRef = 05D07789987C8EF4AAF74FE0 /* libPods.a */; };
		C7B10E3A1ABC3D8D0020BFDB /* LaunchScreen.xib in Resources */ = {isa = PBXBuildFile; fileRef = C7B10E311ABC3D8D0020BFDB /* LaunchScreen.xib */; };
		C7B10E3B1ABC3D8D0020BFDB /* Main.storyboard in Resources */ = {isa = PBXBuildFile; fileRef = C7B10E331ABC3D8D0020BFDB /* Main.storyboard */; };
		C7B10E3C1ABC3D8D0020BFDB /* Images.xcassets in Resources */ = {isa = PBXBuildFile; fileRef = C7B10E351ABC3D8D0020BFDB /* Images.xcassets */; };
		C7B10E3F1ABC3D8D0020BFDB /* main.m in Sources */ = {isa = PBXBuildFile; fileRef = C7B10E391ABC3D8D0020BFDB /* main.m */; };
		C7B10E401ABC3DB20020BFDB /* main.m in Sources */ = {isa = PBXBuildFile; fileRef = C7B10E391ABC3D8D0020BFDB /* main.m */; };
		C7B10E421ABC3DCA0020BFDB /* Main.storyboard in Resources */ = {isa = PBXBuildFile; fileRef = C7B10E331ABC3D8D0020BFDB /* Main.storyboard */; };
		C7B10E431ABC3DCF0020BFDB /* LaunchScreen.xib in Resources */ = {isa = PBXBuildFile; fileRef = C7B10E311ABC3D8D0020BFDB /* LaunchScreen.xib */; };
		C7B10E441ABC3DD40020BFDB /* Images.xcassets in Resources */ = {isa = PBXBuildFile; fileRef = C7B10E351ABC3D8D0020BFDB /* Images.xcassets */; };
		C7B10E4B1ABC41690020BFDB /* OARVideoSource.m in Sources */ = {isa = PBXBuildFile; fileRef = C7B10E4A1ABC41690020BFDB /* OARVideoSource.m */; };
		C7B10E4C1ABC416D0020BFDB /* OARVideoSource.m in Sources */ = {isa = PBXBuildFile; fileRef = C7B10E4A1ABC41690020BFDB /* OARVideoSource.m */; };
		C7B10E531ABC42D70020BFDB /* UIDevice+Extensions.m in Sources */ = {isa = PBXBuildFile; fileRef = C7B10E521ABC42D70020BFDB /* UIDevice+Extensions.m */; };
		C7B10E561ABC44A10020BFDB /* NSNumber+CVPixelFormatType.m in Sources */ = {isa = PBXBuildFile; fileRef = C7B10E551ABC44A10020BFDB /* NSNumber+CVPixelFormatType.m */; };
		C7B10E571ABC44A40020BFDB /* NSNumber+CVPixelFormatType.m in Sources */ = {isa = PBXBuildFile; fileRef = C7B10E551ABC44A10020BFDB /* NSNumber+CVPixelFormatType.m */; };
		C7B10E5C1ABC47310020BFDB /* NSString+CameraResolution.m in Sources */ = {isa = PBXBuildFile; fileRef = C7B10E591ABC47310020BFDB /* NSString+CameraResolution.m */; };
		C7B10E5D1ABC47310020BFDB /* NSString+CameraResolution.m in Sources */ = {isa = PBXBuildFile; fileRef = C7B10E591ABC47310020BFDB /* NSString+CameraResolution.m */; };
		C7B10E5E1ABC47310020BFDB /* UIImage+Checkerboard.m in Sources */ = {isa = PBXBuildFile; fileRef = C7B10E5B1ABC47310020BFDB /* UIImage+Checkerboard.m */; };
		C7B10E5F1ABC47310020BFDB /* UIImage+Checkerboard.m in Sources */ = {isa = PBXBuildFile; fileRef = C7B10E5B1ABC47310020BFDB /* UIImage+Checkerboard.m */; };
		C7D0FBAB1ABC5CE40021618D /* OARIntrinsicView.m in Sources */ = {isa = PBXBuildFile; fileRef = C7D0FBAA1ABC5CE40021618D /* OARIntrinsicView.m */; };
		C7D0FBAC1ABC5F230021618D /* OARIntrinsicView.m in Sources */ = {isa = PBXBuildFile; fileRef = C7D0FBAA1ABC5CE40021618D /* OARIntrinsicView.m */; };
		C7D0FBC31AC5447F0021618D /* NTNUMarkerDetectorBridge.mm in Sources */ = {isa = PBXBuildFile; fileRef = C7D0FBB41AC5447F0021618D /* NTNUMarkerDetectorBridge.mm */; };
		C7D0FBC41AC5447F0021618D /* NTNUMarkerDetectorBridge.mm in Sources */ = {isa = PBXBuildFile; fileRef = C7D0FBB41AC5447F0021618D /* NTNUMarkerDetectorBridge.mm */; };
		C7D0FBC51AC5447F0021618D /* PACCameraCalibration.cpp in Sources */ = {isa = PBXBuildFile; fileRef = C7D0FBB51AC5447F0021618D /* PACCameraCalibration.cpp */; };
		C7D0FBC61AC5447F0021618D /* PACCameraCalibration.cpp in Sources */ = {isa = PBXBuildFile; fileRef = C7D0FBB51AC5447F0021618D /* PACCameraCalibration.cpp */; };
		C7D0FBC71AC5447F0021618D /* PACMarker.cpp in Sources */ = {isa = PBXBuildFile; fileRef = C7D0FBB71AC5447F0021618D /* PACMarker.cpp */; };
		C7D0FBC81AC5447F0021618D /* PACMarker.cpp in Sources */ = {isa = PBXBuildFile; fileRef = C7D0FBB71AC5447F0021618D /* PACMarker.cpp */; };
		C7D0FBC91AC5447F0021618D /* PACMarkerDetector.cpp in Sources */ = {isa = PBXBuildFile; fileRef = C7D0FBBA1AC5447F0021618D /* PACMarkerDetector.cpp */; };
		C7D0FBCA1AC5447F0021618D /* PACMarkerDetector.cpp in Sources */ = {isa = PBXBuildFile; fileRef = C7D0FBBA1AC5447F0021618D /* PACMarkerDetector.cpp */; };
		C7D0FBCB1AC5447F0021618D /* PACTinyLA.cpp in Sources */ = {isa = PBXBuildFile; fileRef = C7D0FBBC1AC5447F0021618D /* PACTinyLA.cpp */; };
		C7D0FBCC1AC5447F0021618D /* PACTinyLA.cpp in Sources */ = {isa = PBXBuildFile; fileRef = C7D0FBBC1AC5447F0021618D /* PACTinyLA.cpp */; };
		C7D0FBEF1AC546890021618D /* NTNUCameraCalibration.m in Sources */ = {isa = PBXBuildFile; fileRef = C7D0FBD91AC546890021618D /* NTNUCameraCalibration.m */; };
		C7D0FBF01AC546890021618D /* NTNUCameraCalibration.m in Sources */ = {isa = PBXBuildFile; fileRef = C7D0FBD91AC546890021618D /* NTNUCameraCalibration.m */; };
		C7D0FBF11AC546890021618D /* NTNUCameraCalibrationFactory.m in Sources */ = {isa = PBXBuildFile; fileRef = C7D0FBDB1AC546890021618D /* NTNUCameraCalibrationFactory.m */; };
		C7D0FBF21AC546890021618D /* NTNUCameraCalibrationFactory.m in Sources */ = {isa = PBXBuildFile; fileRef = C7D0FBDB1AC546890021618D /* NTNUCameraCalibrationFactory.m */; };
		C7D0FBF31AC546890021618D /* NTNUCameraCalibrationFactoryJSON.m in Sources */ = {isa = PBXBuildFile; fileRef = C7D0FBDD1AC546890021618D /* NTNUCameraCalibrationFactoryJSON.m */; };
		C7D0FBF41AC546890021618D /* NTNUCameraCalibrationFactoryJSON.m in Sources */ = {isa = PBXBuildFile; fileRef = C7D0FBDD1AC546890021618D /* NTNUCameraCalibrationFactoryJSON.m */; };
		C7D0FBF51AC546890021618D /* NTNUCameraCalibrationJSON.m in Sources */ = {isa = PBXBuildFile; fileRef = C7D0FBDF1AC546890021618D /* NTNUCameraCalibrationJSON.m */; };
		C7D0FBF61AC546890021618D /* NTNUCameraCalibrationJSON.m in Sources */ = {isa = PBXBuildFile; fileRef = C7D0FBDF1AC546890021618D /* NTNUCameraCalibrationJSON.m */; };
		C7D0FBF71AC546890021618D /* NTNUDeviceCamera.m in Sources */ = {isa = PBXBuildFile; fileRef = C7D0FBE31AC546890021618D /* NTNUDeviceCamera.m */; };
		C7D0FBF81AC546890021618D /* NTNUDeviceCamera.m in Sources */ = {isa = PBXBuildFile; fileRef = C7D0FBE31AC546890021618D /* NTNUDeviceCamera.m */; };
		C7D0FBF91AC546890021618D /* NTNUDeviceCameraJSON.m in Sources */ = {isa = PBXBuildFile; fileRef = C7D0FBE51AC546890021618D /* NTNUDeviceCameraJSON.m */; };
		C7D0FBFA1AC546890021618D /* NTNUDeviceCameraJSON.m in Sources */ = {isa = PBXBuildFile; fileRef = C7D0FBE51AC546890021618D /* NTNUDeviceCameraJSON.m */; };
		C7D0FC011AC546890021618D /* TransformationType.cpp in Sources */ = {isa = PBXBuildFile; fileRef = C7D0FBEB1AC546890021618D /* TransformationType.cpp */; };
		C7D0FC021AC546890021618D /* TransformationType.cpp in Sources */ = {isa = PBXBuildFile; fileRef = C7D0FBEB1AC546890021618D /* TransformationType.cpp */; };
		C7D0FC091AC54D9B0021618D /* OARFramemarker.mm in Sources */ = {isa = PBXBuildFile; fileRef = C7D0FC061AC54D9B0021618D /* OARFramemarker.mm */; };
		C7D0FC0A1AC54D9B0021618D /* OARFramemarker.mm in Sources */ = {isa = PBXBuildFile; fileRef = C7D0FC061AC54D9B0021618D /* OARFramemarker.mm */; };
		C7D0FC0B1AC54D9B0021618D /* OARFramemarkerJSON.m in Sources */ = {isa = PBXBuildFile; fileRef = C7D0FC081AC54D9B0021618D /* OARFramemarkerJSON.m */; };
		C7D0FC0C1AC54D9B0021618D /* OARFramemarkerJSON.m in Sources */ = {isa = PBXBuildFile; fileRef = C7D0FC081AC54D9B0021618D /* OARFramemarkerJSON.m */; };
		C7D0FC121AC553320021618D /* Accelerate.framework in Frameworks */ = {isa = PBXBuildFile; fileRef = C7D0FC101AC553320021618D /* Accelerate.framework */; };
		C7D0FC131AC553320021618D /* AVFoundation.framework in Frameworks */ = {isa = PBXBuildFile; fileRef = C7D0FC111AC553320021618D /* AVFoundation.framework */; };
		C7D0FC141AC5533D0021618D /* Accelerate.framework in Frameworks */ = {isa = PBXBuildFile; fileRef = C7D0FC101AC553320021618D /* Accelerate.framework */; };
		C7D0FC151AC5533D0021618D /* AVFoundation.framework in Frameworks */ = {isa = PBXBuildFile; fileRef = C7D0FC111AC553320021618D /* AVFoundation.framework */; };
		C7D0FC171AC553570021618D /* OpenGLES.framework in Frameworks */ = {isa = PBXBuildFile; fileRef = C7D0FC161AC553570021618D /* OpenGLES.framework */; };
		C7D0FC181AC553600021618D /* OpenGLES.framework in Frameworks */ = {isa = PBXBuildFile; fileRef = C7D0FC161AC553570021618D /* OpenGLES.framework */; };
		C7D0FC241AC56BEC0021618D /* OARMarkerDetectorFactory.m in Sources */ = {isa = PBXBuildFile; fileRef = C7D0FC231AC56BEC0021618D /* OARMarkerDetectorFactory.m */; };
		C7D0FC251AC56BEC0021618D /* OARMarkerDetectorFactory.m in Sources */ = {isa = PBXBuildFile; fileRef = C7D0FC231AC56BEC0021618D /* OARMarkerDetectorFactory.m */; };
		C7D0FC281AC56CCF0021618D /* OARMarkerDetector.mm in Sources */ = {isa = PBXBuildFile; fileRef = C7D0FC271AC56CCF0021618D /* OARMarkerDetector.mm */; };
		C7D0FC291AC56CCF0021618D /* OARMarkerDetector.mm in Sources */ = {isa = PBXBuildFile; fileRef = C7D0FC271AC56CCF0021618D /* OARMarkerDetector.mm */; };
		EE3828C7F91A24DACD92B071 /* libPods.a in Frameworks */ = {isa = PBXBuildFile; fileRef = 05D07789987C8EF4AAF74FE0 /* libPods.a */; };
/* End PBXBuildFile section */

/* Begin PBXContainerItemProxy section */
		C7B10E0B1ABC2D370020BFDB /* PBXContainerItemProxy */ = {
			isa = PBXContainerItemProxy;
			containerPortal = C7B10DE91ABC2D370020BFDB /* Project object */;
			proxyType = 1;
			remoteGlobalIDString = C7B10DF01ABC2D370020BFDB;
			remoteInfo = OpenAR;
		};
/* End PBXContainerItemProxy section */

/* Begin PBXFileReference section */
		05D07789987C8EF4AAF74FE0 /* libPods.a */ = {isa = PBXFileReference; explicitFileType = archive.ar; includeInIndex = 0; path = libPods.a; sourceTree = BUILT_PRODUCTS_DIR; };
		0662252C111B9520A1365D4A /* Pods.release.xcconfig */ = {isa = PBXFileReference; includeInIndex = 1; lastKnownFileType = text.xcconfig; name = Pods.release.xcconfig; path = "Pods/Target Support Files/Pods/Pods.release.xcconfig"; sourceTree = "<group>"; };
		67BA103F224BBE5502DC10E2 /* Pods.debug.xcconfig */ = {isa = PBXFileReference; includeInIndex = 1; lastKnownFileType = text.xcconfig; name = Pods.debug.xcconfig; path = "Pods/Target Support Files/Pods/Pods.debug.xcconfig"; sourceTree = "<group>"; };
		C71256A21AD6BF3600EE9DC8 /* OARMarkerDetectorResult.h */ = {isa = PBXFileReference; fileEncoding = 4; lastKnownFileType = sourcecode.c.h; path = OARMarkerDetectorResult.h; sourceTree = "<group>"; };
		C71256A31AD6BF3600EE9DC8 /* OARMarkerDetectorResult.m */ = {isa = PBXFileReference; fileEncoding = 4; lastKnownFileType = sourcecode.c.objc; path = OARMarkerDetectorResult.m; sourceTree = "<group>"; };
		C71B53371AC5749E00DFE01D /* libVuforia.a */ = {isa = PBXFileReference; lastKnownFileType = archive.ar; name = libVuforia.a; path = Libraries/Vuforia/lib/arm/libVuforia.a; sourceTree = "<group>"; };
		C725362D1AD29E0000F4103F /* markers.json */ = {isa = PBXFileReference; fileEncoding = 4; lastKnownFileType = text.json; path = markers.json; sourceTree = "<group>"; };
		C72536311AD515B700F4103F /* NSLogCPP.h */ = {isa = PBXFileReference; fileEncoding = 4; lastKnownFileType = sourcecode.c.h; path = NSLogCPP.h; sourceTree = "<group>"; };
		C72536321AD515B700F4103F /* NSLogCPP.mm */ = {isa = PBXFileReference; fileEncoding = 4; lastKnownFileType = sourcecode.cpp.objcpp; path = NSLogCPP.mm; sourceTree = "<group>"; };
		C72536331AD515B700F4103F /* OARLogger.h */ = {isa = PBXFileReference; fileEncoding = 4; lastKnownFileType = sourcecode.c.h; path = OARLogger.h; sourceTree = "<group>"; };
		C72536341AD515B700F4103F /* OARLogger.m */ = {isa = PBXFileReference; fileEncoding = 4; lastKnownFileType = sourcecode.c.objc; path = OARLogger.m; sourceTree = "<group>"; };
		C72536351AD515B700F4103F /* OARLoggerCPP.h */ = {isa = PBXFileReference; fileEncoding = 4; lastKnownFileType = sourcecode.c.h; path = OARLoggerCPP.h; sourceTree = "<group>"; };
		C725363A1AD51DED00F4103F /* QCARUtilities.cpp */ = {isa = PBXFileReference; fileEncoding = 4; lastKnownFileType = sourcecode.cpp.cpp; path = QCARUtilities.cpp; sourceTree = "<group>"; };
		C725363B1AD51DED00F4103F /* QCARUtilities.h */ = {isa = PBXFileReference; fileEncoding = 4; lastKnownFileType = sourcecode.c.h; path = QCARUtilities.h; sourceTree = "<group>"; };
		C725363E1AD5307000F4103F /* vuforia-license.json */ = {isa = PBXFileReference; fileEncoding = 4; lastKnownFileType = text.json; path = "vuforia-license.json"; sourceTree = "<group>"; };
		C7718CD11ACED5C000892BB7 /* OARCameraAutofocusMode.h */ = {isa = PBXFileReference; lastKnownFileType = sourcecode.c.h; path = OARCameraAutofocusMode.h; sourceTree = "<group>"; };
		C7718CD21ACED75A00892BB7 /* OARCameraImageFormat.h */ = {isa = PBXFileReference; lastKnownFileType = sourcecode.c.h; path = OARCameraImageFormat.h; sourceTree = "<group>"; };
		C7AA9BD61AC57C8200BCD23B /* CoreMotion.framework */ = {isa = PBXFileReference; lastKnownFileType = wrapper.framework; name = CoreMotion.framework; path = System/Library/Frameworks/CoreMotion.framework; sourceTree = SDKROOT; };
		C7AA9BD81AC57C9900BCD23B /* SystemConfiguration.framework */ = {isa = PBXFileReference; lastKnownFileType = wrapper.framework; name = SystemConfiguration.framework; path = System/Library/Frameworks/SystemConfiguration.framework; sourceTree = SDKROOT; };
		C7AA9BDC1AC6FCFE00BCD23B /* libstdc++.dylib */ = {isa = PBXFileReference; lastKnownFileType = "compiled.mach-o.dylib"; name = "libstdc++.dylib"; path = "usr/lib/libstdc++.dylib"; sourceTree = SDKROOT; };
		C7B10DF11ABC2D370020BFDB /* OpenAR.app */ = {isa = PBXFileReference; explicitFileType = wrapper.application; includeInIndex = 0; path = OpenAR.app; sourceTree = BUILT_PRODUCTS_DIR; };
		C7B10DF81ABC2D370020BFDB /* OARAppDelegate.h */ = {isa = PBXFileReference; lastKnownFileType = sourcecode.c.h; path = OARAppDelegate.h; sourceTree = "<group>"; };
		C7B10DF91ABC2D370020BFDB /* OARAppDelegate.m */ = {isa = PBXFileReference; lastKnownFileType = sourcecode.c.objc; path = OARAppDelegate.m; sourceTree = "<group>"; };
		C7B10DFB1ABC2D370020BFDB /* OARViewController.h */ = {isa = PBXFileReference; lastKnownFileType = sourcecode.c.h; path = OARViewController.h; sourceTree = "<group>"; };
		C7B10DFC1ABC2D370020BFDB /* OARViewController.m */ = {isa = PBXFileReference; lastKnownFileType = sourcecode.c.objc; path = OARViewController.m; sourceTree = "<group>"; };
		C7B10E0A1ABC2D370020BFDB /* OpenARTests.xctest */ = {isa = PBXFileReference; explicitFileType = wrapper.cfbundle; includeInIndex = 0; path = OpenARTests.xctest; sourceTree = BUILT_PRODUCTS_DIR; };
		C7B10E0F1ABC2D370020BFDB /* Info.plist */ = {isa = PBXFileReference; lastKnownFileType = text.plist.xml; path = Info.plist; sourceTree = "<group>"; };
		C7B10E101ABC2D370020BFDB /* OpenARTests.m */ = {isa = PBXFileReference; lastKnownFileType = sourcecode.c.objc; path = OpenARTests.m; sourceTree = "<group>"; };
		C7B10E2E1ABC34560020BFDB /* OpenAR Development.app */ = {isa = PBXFileReference; explicitFileType = wrapper.application; includeInIndex = 0; path = "OpenAR Development.app"; sourceTree = BUILT_PRODUCTS_DIR; };
		C7B10E321ABC3D8D0020BFDB /* Base */ = {isa = PBXFileReference; lastKnownFileType = file.xib; name = Base; path = Base.lproj/LaunchScreen.xib; sourceTree = "<group>"; };
		C7B10E341ABC3D8D0020BFDB /* Base */ = {isa = PBXFileReference; lastKnownFileType = file.storyboard; name = Base; path = Base.lproj/Main.storyboard; sourceTree = "<group>"; };
		C7B10E351ABC3D8D0020BFDB /* Images.xcassets */ = {isa = PBXFileReference; lastKnownFileType = folder.assetcatalog; path = Images.xcassets; sourceTree = "<group>"; };
		C7B10E361ABC3D8D0020BFDB /* OpenAR Development-Info.plist */ = {isa = PBXFileReference; fileEncoding = 4; lastKnownFileType = text.plist.xml; path = "OpenAR Development-Info.plist"; sourceTree = "<group>"; };
		C7B10E371ABC3D8D0020BFDB /* OpenAR-Info.plist */ = {isa = PBXFileReference; fileEncoding = 4; lastKnownFileType = text.plist.xml; path = "OpenAR-Info.plist"; sourceTree = "<group>"; };
		C7B10E391ABC3D8D0020BFDB /* main.m */ = {isa = PBXFileReference; fileEncoding = 4; lastKnownFileType = sourcecode.c.objc; path = main.m; sourceTree = "<group>"; };
		C7B10E491ABC41690020BFDB /* OARVideoSource.h */ = {isa = PBXFileReference; fileEncoding = 4; lastKnownFileType = sourcecode.c.h; path = OARVideoSource.h; sourceTree = "<group>"; };
		C7B10E4A1ABC41690020BFDB /* OARVideoSource.m */ = {isa = PBXFileReference; fileEncoding = 4; lastKnownFileType = sourcecode.c.objc; path = OARVideoSource.m; sourceTree = "<group>"; };
		C7B10E4D1ABC41820020BFDB /* OARBasicVideoFrame.h */ = {isa = PBXFileReference; lastKnownFileType = sourcecode.c.h; path = OARBasicVideoFrame.h; sourceTree = "<group>"; };
		C7B10E4E1ABC41E80020BFDB /* OARCameraResolution.h */ = {isa = PBXFileReference; lastKnownFileType = sourcecode.c.h; path = OARCameraResolution.h; sourceTree = "<group>"; };
		C7B10E4F1ABC42310020BFDB /* OARCameraPosition.h */ = {isa = PBXFileReference; lastKnownFileType = sourcecode.c.h; path = OARCameraPosition.h; sourceTree = "<group>"; };
		C7B10E511ABC42D70020BFDB /* UIDevice+Extensions.h */ = {isa = PBXFileReference; fileEncoding = 4; lastKnownFileType = sourcecode.c.h; path = "UIDevice+Extensions.h"; sourceTree = "<group>"; };
		C7B10E521ABC42D70020BFDB /* UIDevice+Extensions.m */ = {isa = PBXFileReference; fileEncoding = 4; lastKnownFileType = sourcecode.c.objc; path = "UIDevice+Extensions.m"; sourceTree = "<group>"; };
		C7B10E541ABC44A10020BFDB /* NSNumber+CVPixelFormatType.h */ = {isa = PBXFileReference; fileEncoding = 4; lastKnownFileType = sourcecode.c.h; path = "NSNumber+CVPixelFormatType.h"; sourceTree = "<group>"; };
		C7B10E551ABC44A10020BFDB /* NSNumber+CVPixelFormatType.m */ = {isa = PBXFileReference; fileEncoding = 4; lastKnownFileType = sourcecode.c.objc; path = "NSNumber+CVPixelFormatType.m"; sourceTree = "<group>"; };
		C7B10E581ABC47310020BFDB /* NSString+CameraResolution.h */ = {isa = PBXFileReference; fileEncoding = 4; lastKnownFileType = sourcecode.c.h; path = "NSString+CameraResolution.h"; sourceTree = "<group>"; };
		C7B10E591ABC47310020BFDB /* NSString+CameraResolution.m */ = {isa = PBXFileReference; fileEncoding = 4; lastKnownFileType = sourcecode.c.objc; path = "NSString+CameraResolution.m"; sourceTree = "<group>"; };
		C7B10E5A1ABC47310020BFDB /* UIImage+Checkerboard.h */ = {isa = PBXFileReference; fileEncoding = 4; lastKnownFileType = sourcecode.c.h; path = "UIImage+Checkerboard.h"; sourceTree = "<group>"; };
		C7B10E5B1ABC47310020BFDB /* UIImage+Checkerboard.m */ = {isa = PBXFileReference; fileEncoding = 4; lastKnownFileType = sourcecode.c.objc; path = "UIImage+Checkerboard.m"; sourceTree = "<group>"; };
		C7D0FBA91ABC5CE40021618D /* OARIntrinsicView.h */ = {isa = PBXFileReference; fileEncoding = 4; lastKnownFileType = sourcecode.c.h; path = OARIntrinsicView.h; sourceTree = "<group>"; };
		C7D0FBAA1ABC5CE40021618D /* OARIntrinsicView.m */ = {isa = PBXFileReference; fileEncoding = 4; lastKnownFileType = sourcecode.c.objc; path = OARIntrinsicView.m; sourceTree = "<group>"; };
		C7D0FBB31AC5447F0021618D /* NTNUMarkerDetectorBridge.h */ = {isa = PBXFileReference; fileEncoding = 4; lastKnownFileType = sourcecode.c.h; path = NTNUMarkerDetectorBridge.h; sourceTree = "<group>"; };
		C7D0FBB41AC5447F0021618D /* NTNUMarkerDetectorBridge.mm */ = {isa = PBXFileReference; fileEncoding = 4; lastKnownFileType = sourcecode.cpp.objcpp; path = NTNUMarkerDetectorBridge.mm; sourceTree = "<group>"; };
		C7D0FBB51AC5447F0021618D /* PACCameraCalibration.cpp */ = {isa = PBXFileReference; fileEncoding = 4; lastKnownFileType = sourcecode.cpp.cpp; path = PACCameraCalibration.cpp; sourceTree = "<group>"; };
		C7D0FBB61AC5447F0021618D /* PACCameraCalibration.h */ = {isa = PBXFileReference; fileEncoding = 4; lastKnownFileType = sourcecode.c.h; path = PACCameraCalibration.h; sourceTree = "<group>"; };
		C7D0FBB71AC5447F0021618D /* PACMarker.cpp */ = {isa = PBXFileReference; fileEncoding = 4; lastKnownFileType = sourcecode.cpp.cpp; path = PACMarker.cpp; sourceTree = "<group>"; };
		C7D0FBB81AC5447F0021618D /* PACMarker.h */ = {isa = PBXFileReference; fileEncoding = 4; lastKnownFileType = sourcecode.c.h; path = PACMarker.h; sourceTree = "<group>"; };
		C7D0FBB91AC5447F0021618D /* PACMarkerDetectionFacade.h */ = {isa = PBXFileReference; fileEncoding = 4; lastKnownFileType = sourcecode.c.h; path = PACMarkerDetectionFacade.h; sourceTree = "<group>"; };
		C7D0FBBA1AC5447F0021618D /* PACMarkerDetector.cpp */ = {isa = PBXFileReference; fileEncoding = 4; lastKnownFileType = sourcecode.cpp.cpp; path = PACMarkerDetector.cpp; sourceTree = "<group>"; };
		C7D0FBBB1AC5447F0021618D /* PACMarkerDetector.h */ = {isa = PBXFileReference; fileEncoding = 4; lastKnownFileType = sourcecode.c.h; path = PACMarkerDetector.h; sourceTree = "<group>"; };
		C7D0FBBC1AC5447F0021618D /* PACTinyLA.cpp */ = {isa = PBXFileReference; fileEncoding = 4; lastKnownFileType = sourcecode.cpp.cpp; path = PACTinyLA.cpp; sourceTree = "<group>"; };
		C7D0FBBD1AC5447F0021618D /* PACTinyLA.h */ = {isa = PBXFileReference; fileEncoding = 4; lastKnownFileType = sourcecode.c.h; path = PACTinyLA.h; sourceTree = "<group>"; };
		C7D0FBBE1AC5447F0021618D /* README.md */ = {isa = PBXFileReference; fileEncoding = 4; lastKnownFileType = net.daringfireball.markdown; path = README.md; sourceTree = "<group>"; };
		C7D0FBD81AC546890021618D /* NTNUCameraCalibration.h */ = {isa = PBXFileReference; fileEncoding = 4; lastKnownFileType = sourcecode.c.h; path = NTNUCameraCalibration.h; sourceTree = "<group>"; };
		C7D0FBD91AC546890021618D /* NTNUCameraCalibration.m */ = {isa = PBXFileReference; fileEncoding = 4; lastKnownFileType = sourcecode.c.objc; path = NTNUCameraCalibration.m; sourceTree = "<group>"; };
		C7D0FBDA1AC546890021618D /* NTNUCameraCalibrationFactory.h */ = {isa = PBXFileReference; fileEncoding = 4; lastKnownFileType = sourcecode.c.h; path = NTNUCameraCalibrationFactory.h; sourceTree = "<group>"; };
		C7D0FBDB1AC546890021618D /* NTNUCameraCalibrationFactory.m */ = {isa = PBXFileReference; fileEncoding = 4; lastKnownFileType = sourcecode.c.objc; path = NTNUCameraCalibrationFactory.m; sourceTree = "<group>"; };
		C7D0FBDC1AC546890021618D /* NTNUCameraCalibrationFactoryJSON.h */ = {isa = PBXFileReference; fileEncoding = 4; lastKnownFileType = sourcecode.c.h; path = NTNUCameraCalibrationFactoryJSON.h; sourceTree = "<group>"; };
		C7D0FBDD1AC546890021618D /* NTNUCameraCalibrationFactoryJSON.m */ = {isa = PBXFileReference; fileEncoding = 4; lastKnownFileType = sourcecode.c.objc; path = NTNUCameraCalibrationFactoryJSON.m; sourceTree = "<group>"; };
		C7D0FBDE1AC546890021618D /* NTNUCameraCalibrationJSON.h */ = {isa = PBXFileReference; fileEncoding = 4; lastKnownFileType = sourcecode.c.h; path = NTNUCameraCalibrationJSON.h; sourceTree = "<group>"; };
		C7D0FBDF1AC546890021618D /* NTNUCameraCalibrationJSON.m */ = {isa = PBXFileReference; fileEncoding = 4; lastKnownFileType = sourcecode.c.objc; path = NTNUCameraCalibrationJSON.m; sourceTree = "<group>"; };
		C7D0FBE21AC546890021618D /* NTNUDeviceCamera.h */ = {isa = PBXFileReference; fileEncoding = 4; lastKnownFileType = sourcecode.c.h; path = NTNUDeviceCamera.h; sourceTree = "<group>"; };
		C7D0FBE31AC546890021618D /* NTNUDeviceCamera.m */ = {isa = PBXFileReference; fileEncoding = 4; lastKnownFileType = sourcecode.c.objc; path = NTNUDeviceCamera.m; sourceTree = "<group>"; };
		C7D0FBE41AC546890021618D /* NTNUDeviceCameraJSON.h */ = {isa = PBXFileReference; fileEncoding = 4; lastKnownFileType = sourcecode.c.h; path = NTNUDeviceCameraJSON.h; sourceTree = "<group>"; };
		C7D0FBE51AC546890021618D /* NTNUDeviceCameraJSON.m */ = {isa = PBXFileReference; fileEncoding = 4; lastKnownFileType = sourcecode.c.objc; path = NTNUDeviceCameraJSON.m; sourceTree = "<group>"; };
		C7D0FBEA1AC546890021618D /* README.md */ = {isa = PBXFileReference; fileEncoding = 4; lastKnownFileType = net.daringfireball.markdown; path = README.md; sourceTree = "<group>"; };
		C7D0FBEB1AC546890021618D /* TransformationType.cpp */ = {isa = PBXFileReference; fileEncoding = 4; lastKnownFileType = sourcecode.cpp.cpp; path = TransformationType.cpp; sourceTree = "<group>"; };
		C7D0FBEC1AC546890021618D /* TransformationType.h */ = {isa = PBXFileReference; fileEncoding = 4; lastKnownFileType = sourcecode.c.h; path = TransformationType.h; sourceTree = "<group>"; };
		C7D0FC041AC54D9B0021618D /* Framemarker.h */ = {isa = PBXFileReference; fileEncoding = 4; lastKnownFileType = sourcecode.c.h; path = Framemarker.h; sourceTree = "<group>"; };
		C7D0FC051AC54D9B0021618D /* OARFramemarker.h */ = {isa = PBXFileReference; fileEncoding = 4; lastKnownFileType = sourcecode.c.h; path = OARFramemarker.h; sourceTree = "<group>"; };
		C7D0FC061AC54D9B0021618D /* OARFramemarker.mm */ = {isa = PBXFileReference; fileEncoding = 4; lastKnownFileType = sourcecode.cpp.objcpp; path = OARFramemarker.mm; sourceTree = "<group>"; };
		C7D0FC071AC54D9B0021618D /* OARFramemarkerJSON.h */ = {isa = PBXFileReference; fileEncoding = 4; lastKnownFileType = sourcecode.c.h; path = OARFramemarkerJSON.h; sourceTree = "<group>"; };
		C7D0FC081AC54D9B0021618D /* OARFramemarkerJSON.m */ = {isa = PBXFileReference; fileEncoding = 4; lastKnownFileType = sourcecode.c.objc; path = OARFramemarkerJSON.m; sourceTree = "<group>"; };
		C7D0FC101AC553320021618D /* Accelerate.framework */ = {isa = PBXFileReference; lastKnownFileType = wrapper.framework; name = Accelerate.framework; path = System/Library/Frameworks/Accelerate.framework; sourceTree = SDKROOT; };
		C7D0FC111AC553320021618D /* AVFoundation.framework */ = {isa = PBXFileReference; lastKnownFileType = wrapper.framework; name = AVFoundation.framework; path = System/Library/Frameworks/AVFoundation.framework; sourceTree = SDKROOT; };
		C7D0FC161AC553570021618D /* OpenGLES.framework */ = {isa = PBXFileReference; lastKnownFileType = wrapper.framework; name = OpenGLES.framework; path = System/Library/Frameworks/OpenGLES.framework; sourceTree = SDKROOT; };
		C7D0FC221AC56BEC0021618D /* OARMarkerDetectorFactory.h */ = {isa = PBXFileReference; fileEncoding = 4; lastKnownFileType = sourcecode.c.h; path = OARMarkerDetectorFactory.h; sourceTree = "<group>"; };
		C7D0FC231AC56BEC0021618D /* OARMarkerDetectorFactory.m */ = {isa = PBXFileReference; fileEncoding = 4; lastKnownFileType = sourcecode.c.objc; path = OARMarkerDetectorFactory.m; sourceTree = "<group>"; };
		C7D0FC261AC56CCF0021618D /* OARMarkerDetector.h */ = {isa = PBXFileReference; fileEncoding = 4; lastKnownFileType = sourcecode.c.h; path = OARMarkerDetector.h; sourceTree = "<group>"; };
		C7D0FC271AC56CCF0021618D /* OARMarkerDetector.mm */ = {isa = PBXFileReference; fileEncoding = 4; lastKnownFileType = sourcecode.cpp.objcpp; path = OARMarkerDetector.mm; sourceTree = "<group>"; };
/* End PBXFileReference section */

/* Begin PBXFrameworksBuildPhase section */
		C7B10DEE1ABC2D370020BFDB /* Frameworks */ = {
			isa = PBXFrameworksBuildPhase;
			buildActionMask = 2147483647;
			files = (
				C7AA9BD91AC57C9900BCD23B /* SystemConfiguration.framework in Frameworks */,
				C7AA9BD71AC57C8200BCD23B /* CoreMotion.framework in Frameworks */,
				C7D0FC181AC553600021618D /* OpenGLES.framework in Frameworks */,
				C7D0FC121AC553320021618D /* Accelerate.framework in Frameworks */,
				C7D0FC131AC553320021618D /* AVFoundation.framework in Frameworks */,
				C71B53381AC5749E00DFE01D /* libVuforia.a in Frameworks */,
				EE3828C7F91A24DACD92B071 /* libPods.a in Frameworks */,
			);
			runOnlyForDeploymentPostprocessing = 0;
		};
		C7B10E071ABC2D370020BFDB /* Frameworks */ = {
			isa = PBXFrameworksBuildPhase;
			buildActionMask = 2147483647;
			files = (
			);
			runOnlyForDeploymentPostprocessing = 0;
		};
		C7B10E241ABC34560020BFDB /* Frameworks */ = {
			isa = PBXFrameworksBuildPhase;
			buildActionMask = 2147483647;
			files = (
				C7AA9BDB1AC57CC000BCD23B /* SystemConfiguration.framework in Frameworks */,
				C7AA9BDA1AC57CB300BCD23B /* CoreMotion.framework in Frameworks */,
				C7D0FC171AC553570021618D /* OpenGLES.framework in Frameworks */,
				C7D0FC141AC5533D0021618D /* Accelerate.framework in Frameworks */,
				C7D0FC151AC5533D0021618D /* AVFoundation.framework in Frameworks */,
				C7AA9BD51AC574D300BCD23B /* libVuforia.a in Frameworks */,
				C7B10E251ABC34560020BFDB /* libPods.a in Frameworks */,
			);
			runOnlyForDeploymentPostprocessing = 0;
		};
/* End PBXFrameworksBuildPhase section */

/* Begin PBXGroup section */
		B721D8949A36B5F00641F8EC /* Pods */ = {
			isa = PBXGroup;
			children = (
				67BA103F224BBE5502DC10E2 /* Pods.debug.xcconfig */,
				0662252C111B9520A1365D4A /* Pods.release.xcconfig */,
			);
			name = Pods;
			sourceTree = "<group>";
		};
		C72536301AD515B700F4103F /* Logging */ = {
			isa = PBXGroup;
			children = (
				C72536311AD515B700F4103F /* NSLogCPP.h */,
				C72536321AD515B700F4103F /* NSLogCPP.mm */,
				C72536331AD515B700F4103F /* OARLogger.h */,
				C72536341AD515B700F4103F /* OARLogger.m */,
				C72536351AD515B700F4103F /* OARLoggerCPP.h */,
			);
			name = Logging;
			path = "Camera Calibration/Logging";
			sourceTree = "<group>";
		};
		C7B10DE81ABC2D370020BFDB = {
			isa = PBXGroup;
			children = (
				C7B10DF31ABC2D370020BFDB /* OpenAR */,
				C7B10E0D1ABC2D370020BFDB /* OpenARTests */,
				C7B10DF21ABC2D370020BFDB /* Products */,
				B721D8949A36B5F00641F8EC /* Pods */,
				E00E59B897D911C831573024 /* Frameworks */,
			);
			sourceTree = "<group>";
		};
		C7B10DF21ABC2D370020BFDB /* Products */ = {
			isa = PBXGroup;
			children = (
				C7B10DF11ABC2D370020BFDB /* OpenAR.app */,
				C7B10E0A1ABC2D370020BFDB /* OpenARTests.xctest */,
				C7B10E2E1ABC34560020BFDB /* OpenAR Development.app */,
			);
			name = Products;
			sourceTree = "<group>";
		};
		C7B10DF31ABC2D370020BFDB /* OpenAR */ = {
			isa = PBXGroup;
			children = (
				C7B10DF81ABC2D370020BFDB /* OARAppDelegate.h */,
				C7B10DF91ABC2D370020BFDB /* OARAppDelegate.m */,
				C7B10DFB1ABC2D370020BFDB /* OARViewController.h */,
				C7B10DFC1ABC2D370020BFDB /* OARViewController.m */,
				C7D0FBA91ABC5CE40021618D /* OARIntrinsicView.h */,
				C7D0FBAA1ABC5CE40021618D /* OARIntrinsicView.m */,
				C7B10E501ABC42D70020BFDB /* Categories */,
				C72536301AD515B700F4103F /* Logging */,
				C7D0FBD41AC546890021618D /* Camera Calibration */,
				C7D0FBAD1AC5447F0021618D /* Marker Detection */,
				C7B10E481ABC414F0020BFDB /* Video */,
				C7B10E301ABC3D8D0020BFDB /* Resources */,
				C7B10E381ABC3D8D0020BFDB /* Supporting Files */,
			);
			path = OpenAR;
			sourceTree = "<group>";
		};
		C7B10E0D1ABC2D370020BFDB /* OpenARTests */ = {
			isa = PBXGroup;
			children = (
				C7B10E101ABC2D370020BFDB /* OpenARTests.m */,
				C7B10E0E1ABC2D370020BFDB /* Supporting Files */,
			);
			path = OpenARTests;
			sourceTree = "<group>";
		};
		C7B10E0E1ABC2D370020BFDB /* Supporting Files */ = {
			isa = PBXGroup;
			children = (
				C7B10E0F1ABC2D370020BFDB /* Info.plist */,
			);
			name = "Supporting Files";
			sourceTree = "<group>";
		};
		C7B10E301ABC3D8D0020BFDB /* Resources */ = {
			isa = PBXGroup;
			children = (
				C725363E1AD5307000F4103F /* vuforia-license.json */,
				C725362D1AD29E0000F4103F /* markers.json */,
				C7B10E311ABC3D8D0020BFDB /* LaunchScreen.xib */,
				C7B10E331ABC3D8D0020BFDB /* Main.storyboard */,
				C7B10E351ABC3D8D0020BFDB /* Images.xcassets */,
				C7B10E361ABC3D8D0020BFDB /* OpenAR Development-Info.plist */,
				C7B10E371ABC3D8D0020BFDB /* OpenAR-Info.plist */,
			);
			path = Resources;
			sourceTree = "<group>";
		};
		C7B10E381ABC3D8D0020BFDB /* Supporting Files */ = {
			isa = PBXGroup;
			children = (
				C7B10E391ABC3D8D0020BFDB /* main.m */,
			);
			path = "Supporting Files";
			sourceTree = "<group>";
		};
		C7B10E481ABC414F0020BFDB /* Video */ = {
			isa = PBXGroup;
			children = (
				C7B10E491ABC41690020BFDB /* OARVideoSource.h */,
				C7B10E4A1ABC41690020BFDB /* OARVideoSource.m */,
				C7B10E4D1ABC41820020BFDB /* OARBasicVideoFrame.h */,
				C7B10E4E1ABC41E80020BFDB /* OARCameraResolution.h */,
				C7B10E4F1ABC42310020BFDB /* OARCameraPosition.h */,
				C7718CD21ACED75A00892BB7 /* OARCameraImageFormat.h */,
				C7718CD11ACED5C000892BB7 /* OARCameraAutofocusMode.h */,
			);
			path = Video;
			sourceTree = "<group>";
		};
		C7B10E501ABC42D70020BFDB /* Categories */ = {
			isa = PBXGroup;
			children = (
				C7B10E581ABC47310020BFDB /* NSString+CameraResolution.h */,
				C7B10E591ABC47310020BFDB /* NSString+CameraResolution.m */,
				C7B10E5A1ABC47310020BFDB /* UIImage+Checkerboard.h */,
				C7B10E5B1ABC47310020BFDB /* UIImage+Checkerboard.m */,
				C7B10E511ABC42D70020BFDB /* UIDevice+Extensions.h */,
				C7B10E521ABC42D70020BFDB /* UIDevice+Extensions.m */,
				C7B10E541ABC44A10020BFDB /* NSNumber+CVPixelFormatType.h */,
				C7B10E551ABC44A10020BFDB /* NSNumber+CVPixelFormatType.m */,
			);
			path = Categories;
			sourceTree = "<group>";
		};
		C7D0FBAD1AC5447F0021618D /* Marker Detection */ = {
			isa = PBXGroup;
			children = (
				C7D0FC031AC54D9B0021618D /* FrameMarker */,
				C7D0FC221AC56BEC0021618D /* OARMarkerDetectorFactory.h */,
				C7D0FC231AC56BEC0021618D /* OARMarkerDetectorFactory.m */,
				C7D0FC261AC56CCF0021618D /* OARMarkerDetector.h */,
				C7D0FC271AC56CCF0021618D /* OARMarkerDetector.mm */,
				C71256A21AD6BF3600EE9DC8 /* OARMarkerDetectorResult.h */,
				C71256A31AD6BF3600EE9DC8 /* OARMarkerDetectorResult.m */,
				C7D0FBB31AC5447F0021618D /* NTNUMarkerDetectorBridge.h */,
				C7D0FBB41AC5447F0021618D /* NTNUMarkerDetectorBridge.mm */,
				C7D0FBB51AC5447F0021618D /* PACCameraCalibration.cpp */,
				C7D0FBB61AC5447F0021618D /* PACCameraCalibration.h */,
				C7D0FBB71AC5447F0021618D /* PACMarker.cpp */,
				C7D0FBB81AC5447F0021618D /* PACMarker.h */,
				C7D0FBB91AC5447F0021618D /* PACMarkerDetectionFacade.h */,
				C7D0FBBA1AC5447F0021618D /* PACMarkerDetector.cpp */,
				C7D0FBBB1AC5447F0021618D /* PACMarkerDetector.h */,
				C7D0FBBC1AC5447F0021618D /* PACTinyLA.cpp */,
				C7D0FBBD1AC5447F0021618D /* PACTinyLA.h */,
				C7D0FBBE1AC5447F0021618D /* README.md */,
				C725363A1AD51DED00F4103F /* QCARUtilities.cpp */,
				C725363B1AD51DED00F4103F /* QCARUtilities.h */,
			);
			path = "Marker Detection";
			sourceTree = "<group>";
		};
		C7D0FBD41AC546890021618D /* Camera Calibration */ = {
			isa = PBXGroup;
			children = (
				C7D0FBD81AC546890021618D /* NTNUCameraCalibration.h */,
				C7D0FBD91AC546890021618D /* NTNUCameraCalibration.m */,
				C7D0FBDA1AC546890021618D /* NTNUCameraCalibrationFactory.h */,
				C7D0FBDB1AC546890021618D /* NTNUCameraCalibrationFactory.m */,
				C7D0FBDC1AC546890021618D /* NTNUCameraCalibrationFactoryJSON.h */,
				C7D0FBDD1AC546890021618D /* NTNUCameraCalibrationFactoryJSON.m */,
				C7D0FBDE1AC546890021618D /* NTNUCameraCalibrationJSON.h */,
				C7D0FBDF1AC546890021618D /* NTNUCameraCalibrationJSON.m */,
				C7D0FBE21AC546890021618D /* NTNUDeviceCamera.h */,
				C7D0FBE31AC546890021618D /* NTNUDeviceCamera.m */,
				C7D0FBE41AC546890021618D /* NTNUDeviceCameraJSON.h */,
				C7D0FBE51AC546890021618D /* NTNUDeviceCameraJSON.m */,
				C7D0FBEA1AC546890021618D /* README.md */,
				C7D0FBEB1AC546890021618D /* TransformationType.cpp */,
				C7D0FBEC1AC546890021618D /* TransformationType.h */,
			);
			path = "Camera Calibration";
			sourceTree = "<group>";
		};
		C7D0FC031AC54D9B0021618D /* FrameMarker */ = {
			isa = PBXGroup;
			children = (
				C7D0FC041AC54D9B0021618D /* Framemarker.h */,
				C7D0FC051AC54D9B0021618D /* OARFramemarker.h */,
				C7D0FC061AC54D9B0021618D /* OARFramemarker.mm */,
				C7D0FC071AC54D9B0021618D /* OARFramemarkerJSON.h */,
				C7D0FC081AC54D9B0021618D /* OARFramemarkerJSON.m */,
			);
			path = FrameMarker;
			sourceTree = "<group>";
		};
		E00E59B897D911C831573024 /* Frameworks */ = {
			isa = PBXGroup;
			children = (
				C7AA9BDC1AC6FCFE00BCD23B /* libstdc++.dylib */,
				C7AA9BD81AC57C9900BCD23B /* SystemConfiguration.framework */,
				C7AA9BD61AC57C8200BCD23B /* CoreMotion.framework */,
				C71B53371AC5749E00DFE01D /* libVuforia.a */,
				C7D0FC161AC553570021618D /* OpenGLES.framework */,
				C7D0FC101AC553320021618D /* Accelerate.framework */,
				C7D0FC111AC553320021618D /* AVFoundation.framework */,
				05D07789987C8EF4AAF74FE0 /* libPods.a */,
			);
			name = Frameworks;
			sourceTree = "<group>";
		};
/* End PBXGroup section */

/* Begin PBXNativeTarget section */
		C7B10DF01ABC2D370020BFDB /* OpenAR */ = {
			isa = PBXNativeTarget;
			buildConfigurationList = C7B10E141ABC2D370020BFDB /* Build configuration list for PBXNativeTarget "OpenAR" */;
			buildPhases = (
				54D28EFE65586C580B9E2B47 /* Check Pods Manifest.lock */,
				C7B10DED1ABC2D370020BFDB /* Sources */,
				C7B10DEE1ABC2D370020BFDB /* Frameworks */,
				C7B10DEF1ABC2D370020BFDB /* Resources */,
				60C0B05090DA3688FAB5EDC8 /* Copy Pods Resources */,
			);
			buildRules = (
			);
			dependencies = (
			);
			name = OpenAR;
			productName = OpenAR;
			productReference = C7B10DF11ABC2D370020BFDB /* OpenAR.app */;
			productType = "com.apple.product-type.application";
		};
		C7B10E091ABC2D370020BFDB /* OpenARTests */ = {
			isa = PBXNativeTarget;
			buildConfigurationList = C7B10E171ABC2D370020BFDB /* Build configuration list for PBXNativeTarget "OpenARTests" */;
			buildPhases = (
				C7B10E061ABC2D370020BFDB /* Sources */,
				C7B10E071ABC2D370020BFDB /* Frameworks */,
				C7B10E081ABC2D370020BFDB /* Resources */,
			);
			buildRules = (
			);
			dependencies = (
				C7B10E0C1ABC2D370020BFDB /* PBXTargetDependency */,
			);
			name = OpenARTests;
			productName = OpenARTests;
			productReference = C7B10E0A1ABC2D370020BFDB /* OpenARTests.xctest */;
			productType = "com.apple.product-type.bundle.unit-test";
		};
		C7B10E1D1ABC34560020BFDB /* OpenAR Development */ = {
			isa = PBXNativeTarget;
			buildConfigurationList = C7B10E2B1ABC34560020BFDB /* Build configuration list for PBXNativeTarget "OpenAR Development" */;
			buildPhases = (
				C7B10E1E1ABC34560020BFDB /* Check Pods Manifest.lock */,
				C7B10E1F1ABC34560020BFDB /* Sources */,
				C7B10E241ABC34560020BFDB /* Frameworks */,
				C7B10E261ABC34560020BFDB /* Resources */,
				C7B10E2A1ABC34560020BFDB /* Copy Pods Resources */,
			);
			buildRules = (
			);
			dependencies = (
			);
			name = "OpenAR Development";
			productName = OpenAR;
			productReference = C7B10E2E1ABC34560020BFDB /* OpenAR Development.app */;
			productType = "com.apple.product-type.application";
		};
/* End PBXNativeTarget section */

/* Begin PBXProject section */
		C7B10DE91ABC2D370020BFDB /* Project object */ = {
			isa = PBXProject;
			attributes = {
				LastUpgradeCheck = 0620;
				ORGANIZATIONNAME = OAR;
				TargetAttributes = {
					C7B10DF01ABC2D370020BFDB = {
						CreatedOnToolsVersion = 6.2;
					};
					C7B10E091ABC2D370020BFDB = {
						CreatedOnToolsVersion = 6.2;
						TestTargetID = C7B10DF01ABC2D370020BFDB;
					};
				};
			};
			buildConfigurationList = C7B10DEC1ABC2D370020BFDB /* Build configuration list for PBXProject "OpenAR" */;
			compatibilityVersion = "Xcode 3.2";
			developmentRegion = English;
			hasScannedForEncodings = 0;
			knownRegions = (
				en,
				Base,
			);
			mainGroup = C7B10DE81ABC2D370020BFDB;
			productRefGroup = C7B10DF21ABC2D370020BFDB /* Products */;
			projectDirPath = "";
			projectRoot = "";
			targets = (
				C7B10DF01ABC2D370020BFDB /* OpenAR */,
				C7B10E1D1ABC34560020BFDB /* OpenAR Development */,
				C7B10E091ABC2D370020BFDB /* OpenARTests */,
			);
		};
/* End PBXProject section */

/* Begin PBXResourcesBuildPhase section */
		C7B10DEF1ABC2D370020BFDB /* Resources */ = {
			isa = PBXResourcesBuildPhase;
			buildActionMask = 2147483647;
			files = (
				C7B10E3C1ABC3D8D0020BFDB /* Images.xcassets in Resources */,
				C725362E1AD29E0000F4103F /* markers.json in Resources */,
				C7B10E3A1ABC3D8D0020BFDB /* LaunchScreen.xib in Resources */,
				C7B10E3B1ABC3D8D0020BFDB /* Main.storyboard in Resources */,
				C725363F1AD5307000F4103F /* vuforia-license.json in Resources */,
			);
			runOnlyForDeploymentPostprocessing = 0;
		};
		C7B10E081ABC2D370020BFDB /* Resources */ = {
			isa = PBXResourcesBuildPhase;
			buildActionMask = 2147483647;
			files = (
			);
			runOnlyForDeploymentPostprocessing = 0;
		};
		C7B10E261ABC34560020BFDB /* Resources */ = {
			isa = PBXResourcesBuildPhase;
			buildActionMask = 2147483647;
			files = (
				C7B10E441ABC3DD40020BFDB /* Images.xcassets in Resources */,
				C725362F1AD29E0000F4103F /* markers.json in Resources */,
				C7B10E431ABC3DCF0020BFDB /* LaunchScreen.xib in Resources */,
				C7B10E421ABC3DCA0020BFDB /* Main.storyboard in Resources */,
				C72536401AD5307000F4103F /* vuforia-license.json in Resources */,
			);
			runOnlyForDeploymentPostprocessing = 0;
		};
/* End PBXResourcesBuildPhase section */

/* Begin PBXShellScriptBuildPhase section */
		54D28EFE65586C580B9E2B47 /* Check Pods Manifest.lock */ = {
			isa = PBXShellScriptBuildPhase;
			buildActionMask = 2147483647;
			files = (
			);
			inputPaths = (
			);
			name = "Check Pods Manifest.lock";
			outputPaths = (
			);
			runOnlyForDeploymentPostprocessing = 0;
			shellPath = /bin/sh;
			shellScript = "diff \"${PODS_ROOT}/../Podfile.lock\" \"${PODS_ROOT}/Manifest.lock\" > /dev/null\nif [[ $? != 0 ]] ; then\n    cat << EOM\nerror: The sandbox is not in sync with the Podfile.lock. Run 'pod install' or update your CocoaPods installation.\nEOM\n    exit 1\nfi\n";
			showEnvVarsInLog = 0;
		};
		60C0B05090DA3688FAB5EDC8 /* Copy Pods Resources */ = {
			isa = PBXShellScriptBuildPhase;
			buildActionMask = 2147483647;
			files = (
			);
			inputPaths = (
			);
			name = "Copy Pods Resources";
			outputPaths = (
			);
			runOnlyForDeploymentPostprocessing = 0;
			shellPath = /bin/sh;
			shellScript = "\"${SRCROOT}/Pods/Target Support Files/Pods/Pods-resources.sh\"\n";
			showEnvVarsInLog = 0;
		};
		C7B10E1E1ABC34560020BFDB /* Check Pods Manifest.lock */ = {
			isa = PBXShellScriptBuildPhase;
			buildActionMask = 2147483647;
			files = (
			);
			inputPaths = (
			);
			name = "Check Pods Manifest.lock";
			outputPaths = (
			);
			runOnlyForDeploymentPostprocessing = 0;
			shellPath = /bin/sh;
			shellScript = "diff \"${PODS_ROOT}/../Podfile.lock\" \"${PODS_ROOT}/Manifest.lock\" > /dev/null\nif [[ $? != 0 ]] ; then\n    cat << EOM\nerror: The sandbox is not in sync with the Podfile.lock. Run 'pod install' or update your CocoaPods installation.\nEOM\n    exit 1\nfi\n";
			showEnvVarsInLog = 0;
		};
		C7B10E2A1ABC34560020BFDB /* Copy Pods Resources */ = {
			isa = PBXShellScriptBuildPhase;
			buildActionMask = 2147483647;
			files = (
			);
			inputPaths = (
			);
			name = "Copy Pods Resources";
			outputPaths = (
			);
			runOnlyForDeploymentPostprocessing = 0;
			shellPath = /bin/sh;
			shellScript = "\"${SRCROOT}/Pods/Target Support Files/Pods/Pods-resources.sh\"\n";
			showEnvVarsInLog = 0;
		};
/* End PBXShellScriptBuildPhase section */

/* Begin PBXSourcesBuildPhase section */
		C7B10DED1ABC2D370020BFDB /* Sources */ = {
			isa = PBXSourcesBuildPhase;
			buildActionMask = 2147483647;
			files = (
				C7D0FC011AC546890021618D /* TransformationType.cpp in Sources */,
				C7B10E4B1ABC41690020BFDB /* OARVideoSource.m in Sources */,
				C7D0FBCB1AC5447F0021618D /* PACTinyLA.cpp in Sources */,
				C7D0FBF91AC546890021618D /* NTNUDeviceCameraJSON.m in Sources */,
				C7D0FC091AC54D9B0021618D /* OARFramemarker.mm in Sources */,
				C7D0FBC71AC5447F0021618D /* PACMarker.cpp in Sources */,
				C7B10E531ABC42D70020BFDB /* UIDevice+Extensions.m in Sources */,
				C72536381AD515B700F4103F /* OARLogger.m in Sources */,
				C7D0FBC51AC5447F0021618D /* PACCameraCalibration.cpp in Sources */,
				C7D0FBEF1AC546890021618D /* NTNUCameraCalibration.m in Sources */,
				C7D0FBF11AC546890021618D /* NTNUCameraCalibrationFactory.m in Sources */,
				C7D0FBC91AC5447F0021618D /* PACMarkerDetector.cpp in Sources */,
				C7D0FBF31AC546890021618D /* NTNUCameraCalibrationFactoryJSON.m in Sources */,
				C7B10DFD1ABC2D370020BFDB /* OARViewController.m in Sources */,
				C7B10E561ABC44A10020BFDB /* NSNumber+CVPixelFormatType.m in Sources */,
				C7B10E3F1ABC3D8D0020BFDB /* main.m in Sources */,
				C7D0FC281AC56CCF0021618D /* OARMarkerDetector.mm in Sources */,
				C7B10E5E1ABC47310020BFDB /* UIImage+Checkerboard.m in Sources */,
				C7D0FBAB1ABC5CE40021618D /* OARIntrinsicView.m in Sources */,
				C7D0FBC31AC5447F0021618D /* NTNUMarkerDetectorBridge.mm in Sources */,
				C7B10DFA1ABC2D370020BFDB /* OARAppDelegate.m in Sources */,
				C725363C1AD51DED00F4103F /* QCARUtilities.cpp in Sources */,
				C7D0FBF71AC546890021618D /* NTNUDeviceCamera.m in Sources */,
				C72536361AD515B700F4103F /* NSLogCPP.mm in Sources */,
				C71256A41AD6BF3600EE9DC8 /* OARMarkerDetectorResult.m in Sources */,
				C7D0FBF51AC546890021618D /* NTNUCameraCalibrationJSON.m in Sources */,
				C7D0FC0B1AC54D9B0021618D /* OARFramemarkerJSON.m in Sources */,
				C7B10E5C1ABC47310020BFDB /* NSString+CameraResolution.m in Sources */,
				C7D0FC241AC56BEC0021618D /* OARMarkerDetectorFactory.m in Sources */,
			);
			runOnlyForDeploymentPostprocessing = 0;
		};
		C7B10E061ABC2D370020BFDB /* Sources */ = {
			isa = PBXSourcesBuildPhase;
			buildActionMask = 2147483647;
			files = (
				C7B10E111ABC2D370020BFDB /* OpenARTests.m in Sources */,
			);
			runOnlyForDeploymentPostprocessing = 0;
		};
		C7B10E1F1ABC34560020BFDB /* Sources */ = {
			isa = PBXSourcesBuildPhase;
			buildActionMask = 2147483647;
			files = (
				C7D0FBAC1ABC5F230021618D /* OARIntrinsicView.m in Sources */,
				C7D0FBC41AC5447F0021618D /* NTNUMarkerDetectorBridge.mm in Sources */,
				C7D0FC291AC56CCF0021618D /* OARMarkerDetector.mm in Sources */,
				C7D0FBC61AC5447F0021618D /* PACCameraCalibration.cpp in Sources */,
				C7D0FBF81AC546890021618D /* NTNUDeviceCamera.m in Sources */,
				C725363D1AD51DED00F4103F /* QCARUtilities.cpp in Sources */,
				C7D0FBCC1AC5447F0021618D /* PACTinyLA.cpp in Sources */,
				C7D0FBF01AC546890021618D /* NTNUCameraCalibration.m in Sources */,
				C7B10E4C1ABC416D0020BFDB /* OARVideoSource.m in Sources */,
				C7D0FC251AC56BEC0021618D /* OARMarkerDetectorFactory.m in Sources */,
				C7D0FC021AC546890021618D /* TransformationType.cpp in Sources */,
				C72536391AD515B700F4103F /* OARLogger.m in Sources */,
				C7D0FBF61AC546890021618D /* NTNUCameraCalibrationJSON.m in Sources */,
				C7D0FC0A1AC54D9B0021618D /* OARFramemarker.mm in Sources */,
				C7D0FBF21AC546890021618D /* NTNUCameraCalibrationFactory.m in Sources */,
				C7D0FC0C1AC54D9B0021618D /* OARFramemarkerJSON.m in Sources */,
				C7B10E5F1ABC47310020BFDB /* UIImage+Checkerboard.m in Sources */,
				C7B10E211ABC34560020BFDB /* OARViewController.m in Sources */,
				C72536371AD515B700F4103F /* NSLogCPP.mm in Sources */,
				C7D0FBF41AC546890021618D /* NTNUCameraCalibrationFactoryJSON.m in Sources */,
				C7D0FBCA1AC5447F0021618D /* PACMarkerDetector.cpp in Sources */,
				C7D0FBC81AC5447F0021618D /* PACMarker.cpp in Sources */,
				C7D0FBFA1AC546890021618D /* NTNUDeviceCameraJSON.m in Sources */,
				C7B10E5D1ABC47310020BFDB /* NSString+CameraResolution.m in Sources */,
				C7B10E401ABC3DB20020BFDB /* main.m in Sources */,
				C71256A51AD6BF3600EE9DC8 /* OARMarkerDetectorResult.m in Sources */,
				C7B10E571ABC44A40020BFDB /* NSNumber+CVPixelFormatType.m in Sources */,
				C7B10E221ABC34560020BFDB /* OARAppDelegate.m in Sources */,
			);
			runOnlyForDeploymentPostprocessing = 0;
		};
/* End PBXSourcesBuildPhase section */

/* Begin PBXTargetDependency section */
		C7B10E0C1ABC2D370020BFDB /* PBXTargetDependency */ = {
			isa = PBXTargetDependency;
			target = C7B10DF01ABC2D370020BFDB /* OpenAR */;
			targetProxy = C7B10E0B1ABC2D370020BFDB /* PBXContainerItemProxy */;
		};
/* End PBXTargetDependency section */

/* Begin PBXVariantGroup section */
		C7B10E311ABC3D8D0020BFDB /* LaunchScreen.xib */ = {
			isa = PBXVariantGroup;
			children = (
				C7B10E321ABC3D8D0020BFDB /* Base */,
			);
			name = LaunchScreen.xib;
			sourceTree = "<group>";
		};
		C7B10E331ABC3D8D0020BFDB /* Main.storyboard */ = {
			isa = PBXVariantGroup;
			children = (
				C7B10E341ABC3D8D0020BFDB /* Base */,
			);
			name = Main.storyboard;
			sourceTree = "<group>";
		};
/* End PBXVariantGroup section */

/* Begin XCBuildConfiguration section */
		C7B10E121ABC2D370020BFDB /* Debug */ = {
			isa = XCBuildConfiguration;
			buildSettings = {
				ALWAYS_SEARCH_USER_PATHS = NO;
				ARCHS = "$(ARCHS_STANDARD_32_BIT)";
				CLANG_CXX_LANGUAGE_STANDARD = "gnu++0x";
				CLANG_CXX_LIBRARY = "libc++";
				CLANG_ENABLE_MODULES = YES;
				CLANG_ENABLE_OBJC_ARC = YES;
				CLANG_WARN_BOOL_CONVERSION = YES;
				CLANG_WARN_CONSTANT_CONVERSION = YES;
				CLANG_WARN_DIRECT_OBJC_ISA_USAGE = YES_ERROR;
				CLANG_WARN_EMPTY_BODY = YES;
				CLANG_WARN_ENUM_CONVERSION = YES;
				CLANG_WARN_INT_CONVERSION = YES;
				CLANG_WARN_OBJC_ROOT_CLASS = YES_ERROR;
				CLANG_WARN_UNREACHABLE_CODE = YES;
				CLANG_WARN__DUPLICATE_METHOD_MATCH = YES;
				"CODE_SIGN_IDENTITY[sdk=iphoneos*]" = "iPhone Developer";
				COPY_PHASE_STRIP = NO;
				ENABLE_STRICT_OBJC_MSGSEND = YES;
				GCC_DYNAMIC_NO_PIC = NO;
				GCC_OPTIMIZATION_LEVEL = 0;
				GCC_PREPROCESSOR_DEFINITIONS = (
					"DEBUG=1",
					"$(inherited)",
				);
				GCC_SYMBOLS_PRIVATE_EXTERN = NO;
				GCC_WARN_64_TO_32_BIT_CONVERSION = YES;
				GCC_WARN_ABOUT_RETURN_TYPE = YES_ERROR;
				GCC_WARN_UNDECLARED_SELECTOR = YES;
				GCC_WARN_UNINITIALIZED_AUTOS = YES_AGGRESSIVE;
				GCC_WARN_UNUSED_FUNCTION = YES;
				GCC_WARN_UNUSED_VARIABLE = YES;
				HEADER_SEARCH_PATHS = (
					"$(inherited)",
					/Applications/Xcode.app/Contents/Developer/Toolchains/XcodeDefault.xctoolchain/usr/include,
					"$(SRCROOT)/OpenAR/libraries/vuforia/include",
				);
				IPHONEOS_DEPLOYMENT_TARGET = 7.0;
				MTL_ENABLE_DEBUG_INFO = YES;
				ONLY_ACTIVE_ARCH = YES;
				OTHER_LDFLAGS = "/Applications/Xcode.app/Contents/Developer/Platforms/iPhoneOS.platform/Developer/SDKs/iPhoneOS.sdk/usr/lib/libstdc++.dylib";
				SDKROOT = iphoneos;
				VALID_ARCHS = "armv7 armv7s";
			};
			name = Debug;
		};
		C7B10E131ABC2D370020BFDB /* Release */ = {
			isa = XCBuildConfiguration;
			buildSettings = {
				ALWAYS_SEARCH_USER_PATHS = NO;
				ARCHS = "$(ARCHS_STANDARD_32_BIT)";
				CLANG_CXX_LANGUAGE_STANDARD = "gnu++0x";
				CLANG_CXX_LIBRARY = "libc++";
				CLANG_ENABLE_MODULES = YES;
				CLANG_ENABLE_OBJC_ARC = YES;
				CLANG_WARN_BOOL_CONVERSION = YES;
				CLANG_WARN_CONSTANT_CONVERSION = YES;
				CLANG_WARN_DIRECT_OBJC_ISA_USAGE = YES_ERROR;
				CLANG_WARN_EMPTY_BODY = YES;
				CLANG_WARN_ENUM_CONVERSION = YES;
				CLANG_WARN_INT_CONVERSION = YES;
				CLANG_WARN_OBJC_ROOT_CLASS = YES_ERROR;
				CLANG_WARN_UNREACHABLE_CODE = YES;
				CLANG_WARN__DUPLICATE_METHOD_MATCH = YES;
				"CODE_SIGN_IDENTITY[sdk=iphoneos*]" = "iPhone Developer";
				COPY_PHASE_STRIP = NO;
				ENABLE_NS_ASSERTIONS = NO;
				ENABLE_STRICT_OBJC_MSGSEND = YES;
				GCC_WARN_64_TO_32_BIT_CONVERSION = YES;
				GCC_WARN_ABOUT_RETURN_TYPE = YES_ERROR;
				GCC_WARN_UNDECLARED_SELECTOR = YES;
				GCC_WARN_UNINITIALIZED_AUTOS = YES_AGGRESSIVE;
				GCC_WARN_UNUSED_FUNCTION = YES;
				GCC_WARN_UNUSED_VARIABLE = YES;
				HEADER_SEARCH_PATHS = (
					"$(inherited)",
					/Applications/Xcode.app/Contents/Developer/Toolchains/XcodeDefault.xctoolchain/usr/include,
					"$(SRCROOT)/OpenAR/libraries/vuforia/include",
				);
				IPHONEOS_DEPLOYMENT_TARGET = 7.0;
				MTL_ENABLE_DEBUG_INFO = NO;
				OTHER_LDFLAGS = "/Applications/Xcode.app/Contents/Developer/Platforms/iPhoneOS.platform/Developer/SDKs/iPhoneOS.sdk/usr/lib/libstdc++.dylib";
				SDKROOT = iphoneos;
				VALIDATE_PRODUCT = YES;
				VALID_ARCHS = "armv7 armv7s";
			};
			name = Release;
		};
		C7B10E151ABC2D370020BFDB /* Debug */ = {
			isa = XCBuildConfiguration;
			baseConfigurationReference = 67BA103F224BBE5502DC10E2 /* Pods.debug.xcconfig */;
			buildSettings = {
				ASSETCATALOG_COMPILER_APPICON_NAME = AppIcon;
				HEADER_SEARCH_PATHS = (
					"$(inherited)",
					"\"${PODS_ROOT}/Headers/Public\"",
					"\"${PODS_ROOT}/Headers/Public/CocoaLumberjack\"",
					"\"${PODS_ROOT}/Headers/Public/OpenCV\"",
					"\"${PODS_ROOT}/Headers/Public/OpenCV/opencv2\"",
					"\"${PODS_ROOT}/Headers/Public/OpenCV/opencv2/calib3d\"",
					"\"${PODS_ROOT}/Headers/Public/OpenCV/opencv2/contrib\"",
					"\"${PODS_ROOT}/Headers/Public/OpenCV/opencv2/core\"",
					"\"${PODS_ROOT}/Headers/Public/OpenCV/opencv2/features2d\"",
					"\"${PODS_ROOT}/Headers/Public/OpenCV/opencv2/flann\"",
					"\"${PODS_ROOT}/Headers/Public/OpenCV/opencv2/highgui\"",
					"\"${PODS_ROOT}/Headers/Public/OpenCV/opencv2/imgproc\"",
					"\"${PODS_ROOT}/Headers/Public/OpenCV/opencv2/legacy\"",
					"\"${PODS_ROOT}/Headers/Public/OpenCV/opencv2/ml\"",
					"\"${PODS_ROOT}/Headers/Public/OpenCV/opencv2/nonfree\"",
					"\"${PODS_ROOT}/Headers/Public/OpenCV/opencv2/objdetect\"",
					"\"${PODS_ROOT}/Headers/Public/OpenCV/opencv2/photo\"",
					"\"${PODS_ROOT}/Headers/Public/OpenCV/opencv2/stitching\"",
					"\"${PODS_ROOT}/Headers/Public/OpenCV/opencv2/stitching/detail\"",
					"\"${PODS_ROOT}/Headers/Public/OpenCV/opencv2/video\"",
					"\"${PODS_ROOT}/Headers/Public/OpenCV/opencv2/videostab\"",
					"\"${PODS_ROOT}/Headers/Public/OpenCV/opencv2/world\"",
					"\"${PODS_ROOT}/Headers/Public/boost\"",
					"\"${PODS_ROOT}/Headers/Public/eigen\"",
					"\"${PODS_ROOT}/boost\"",
					"\"${PODS_ROOT}/boost\"",
					"\"${PODS_ROOT}/boost\"",
					"\"${PODS_ROOT}/boost\"",
					"\"${PODS_ROOT}/boost\"",
					"\"${PODS_ROOT}/boost\"",
					"\"${PODS_ROOT}/boost\"",
					"\"${PODS_ROOT}/boost\"",
					"\"${PODS_ROOT}/eigen\"",
					"$(SRCROOT)/Libraries/Vuforia/include",
				);
				INFOPLIST_FILE = "$(SRCROOT)/OpenAR/Resources/OpenAR-Info.plist";
				LD_RUNPATH_SEARCH_PATHS = "$(inherited) @executable_path/Frameworks";
				LIBRARY_SEARCH_PATHS = (
					"$(inherited)",
					"$(SRCROOT)/Libraries/Vuforia/lib/arm",
				);
				PRODUCT_NAME = "$(TARGET_NAME)";
				TARGETED_DEVICE_FAMILY = "1,2";
			};
			name = Debug;
		};
		C7B10E161ABC2D370020BFDB /* Release */ = {
			isa = XCBuildConfiguration;
			baseConfigurationReference = 0662252C111B9520A1365D4A /* Pods.release.xcconfig */;
			buildSettings = {
				ASSETCATALOG_COMPILER_APPICON_NAME = AppIcon;
				HEADER_SEARCH_PATHS = (
					"$(inherited)",
					"\"${PODS_ROOT}/Headers/Public\"",
					"\"${PODS_ROOT}/Headers/Public/CocoaLumberjack\"",
					"\"${PODS_ROOT}/Headers/Public/OpenCV\"",
					"\"${PODS_ROOT}/Headers/Public/OpenCV/opencv2\"",
					"\"${PODS_ROOT}/Headers/Public/OpenCV/opencv2/calib3d\"",
					"\"${PODS_ROOT}/Headers/Public/OpenCV/opencv2/contrib\"",
					"\"${PODS_ROOT}/Headers/Public/OpenCV/opencv2/core\"",
					"\"${PODS_ROOT}/Headers/Public/OpenCV/opencv2/features2d\"",
					"\"${PODS_ROOT}/Headers/Public/OpenCV/opencv2/flann\"",
					"\"${PODS_ROOT}/Headers/Public/OpenCV/opencv2/highgui\"",
					"\"${PODS_ROOT}/Headers/Public/OpenCV/opencv2/imgproc\"",
					"\"${PODS_ROOT}/Headers/Public/OpenCV/opencv2/legacy\"",
					"\"${PODS_ROOT}/Headers/Public/OpenCV/opencv2/ml\"",
					"\"${PODS_ROOT}/Headers/Public/OpenCV/opencv2/nonfree\"",
					"\"${PODS_ROOT}/Headers/Public/OpenCV/opencv2/objdetect\"",
					"\"${PODS_ROOT}/Headers/Public/OpenCV/opencv2/photo\"",
					"\"${PODS_ROOT}/Headers/Public/OpenCV/opencv2/stitching\"",
					"\"${PODS_ROOT}/Headers/Public/OpenCV/opencv2/stitching/detail\"",
					"\"${PODS_ROOT}/Headers/Public/OpenCV/opencv2/video\"",
					"\"${PODS_ROOT}/Headers/Public/OpenCV/opencv2/videostab\"",
					"\"${PODS_ROOT}/Headers/Public/OpenCV/opencv2/world\"",
					"\"${PODS_ROOT}/Headers/Public/boost\"",
					"\"${PODS_ROOT}/Headers/Public/eigen\"",
					"\"${PODS_ROOT}/boost\"",
					"\"${PODS_ROOT}/boost\"",
					"\"${PODS_ROOT}/boost\"",
					"\"${PODS_ROOT}/boost\"",
					"\"${PODS_ROOT}/boost\"",
					"\"${PODS_ROOT}/boost\"",
					"\"${PODS_ROOT}/boost\"",
					"\"${PODS_ROOT}/boost\"",
					"\"${PODS_ROOT}/eigen\"",
					"$(SRCROOT)/Libraries/Vuforia/include",
				);
				INFOPLIST_FILE = "$(SRCROOT)/OpenAR/Resources/OpenAR-Info.plist";
				LD_RUNPATH_SEARCH_PATHS = "$(inherited) @executable_path/Frameworks";
				LIBRARY_SEARCH_PATHS = (
					"$(inherited)",
					"$(SRCROOT)/Libraries/Vuforia/lib/arm",
				);
				PRODUCT_NAME = "$(TARGET_NAME)";
				TARGETED_DEVICE_FAMILY = "1,2";
			};
			name = Release;
		};
		C7B10E181ABC2D370020BFDB /* Debug */ = {
			isa = XCBuildConfiguration;
			buildSettings = {
				BUNDLE_LOADER = "$(TEST_HOST)";
				FRAMEWORK_SEARCH_PATHS = (
					"$(SDKROOT)/Developer/Library/Frameworks",
					"$(inherited)",
				);
				GCC_PREPROCESSOR_DEFINITIONS = (
					"DEBUG=1",
					"$(inherited)",
				);
				INFOPLIST_FILE = OpenARTests/Info.plist;
				LD_RUNPATH_SEARCH_PATHS = "$(inherited) @executable_path/Frameworks @loader_path/Frameworks";
				PRODUCT_NAME = "$(TARGET_NAME)";
				TEST_HOST = "$(BUILT_PRODUCTS_DIR)/OpenAR.app/OpenAR";
			};
			name = Debug;
		};
		C7B10E191ABC2D370020BFDB /* Release */ = {
			isa = XCBuildConfiguration;
			buildSettings = {
				BUNDLE_LOADER = "$(TEST_HOST)";
				FRAMEWORK_SEARCH_PATHS = (
					"$(SDKROOT)/Developer/Library/Frameworks",
					"$(inherited)",
				);
				INFOPLIST_FILE = OpenARTests/Info.plist;
				LD_RUNPATH_SEARCH_PATHS = "$(inherited) @executable_path/Frameworks @loader_path/Frameworks";
				PRODUCT_NAME = "$(TARGET_NAME)";
				TEST_HOST = "$(BUILT_PRODUCTS_DIR)/OpenAR.app/OpenAR";
			};
			name = Release;
		};
		C7B10E2C1ABC34560020BFDB /* Debug */ = {
			isa = XCBuildConfiguration;
			baseConfigurationReference = 67BA103F224BBE5502DC10E2 /* Pods.debug.xcconfig */;
			buildSettings = {
				ASSETCATALOG_COMPILER_APPICON_NAME = AppIcon;
				GCC_PREPROCESSOR_DEFINITIONS = (
					"$(inherited)",
					"DEVELOPMENT=1",
					"TIME_PERFORMANCE=1",
					"MATRICES=1",
				);
				HEADER_SEARCH_PATHS = (
					"$(inherited)",
					"\"${PODS_ROOT}/Headers/Public\"",
					"\"${PODS_ROOT}/Headers/Public/CocoaLumberjack\"",
					"\"${PODS_ROOT}/Headers/Public/OpenCV\"",
					"\"${PODS_ROOT}/Headers/Public/OpenCV/opencv2\"",
					"\"${PODS_ROOT}/Headers/Public/OpenCV/opencv2/calib3d\"",
					"\"${PODS_ROOT}/Headers/Public/OpenCV/opencv2/contrib\"",
					"\"${PODS_ROOT}/Headers/Public/OpenCV/opencv2/core\"",
					"\"${PODS_ROOT}/Headers/Public/OpenCV/opencv2/features2d\"",
					"\"${PODS_ROOT}/Headers/Public/OpenCV/opencv2/flann\"",
					"\"${PODS_ROOT}/Headers/Public/OpenCV/opencv2/highgui\"",
					"\"${PODS_ROOT}/Headers/Public/OpenCV/opencv2/imgproc\"",
					"\"${PODS_ROOT}/Headers/Public/OpenCV/opencv2/legacy\"",
					"\"${PODS_ROOT}/Headers/Public/OpenCV/opencv2/ml\"",
					"\"${PODS_ROOT}/Headers/Public/OpenCV/opencv2/nonfree\"",
					"\"${PODS_ROOT}/Headers/Public/OpenCV/opencv2/objdetect\"",
					"\"${PODS_ROOT}/Headers/Public/OpenCV/opencv2/photo\"",
					"\"${PODS_ROOT}/Headers/Public/OpenCV/opencv2/stitching\"",
					"\"${PODS_ROOT}/Headers/Public/OpenCV/opencv2/stitching/detail\"",
					"\"${PODS_ROOT}/Headers/Public/OpenCV/opencv2/video\"",
					"\"${PODS_ROOT}/Headers/Public/OpenCV/opencv2/videostab\"",
					"\"${PODS_ROOT}/Headers/Public/OpenCV/opencv2/world\"",
					"\"${PODS_ROOT}/Headers/Public/boost\"",
					"\"${PODS_ROOT}/Headers/Public/eigen\"",
					"\"${PODS_ROOT}/boost\"",
					"\"${PODS_ROOT}/boost\"",
					"\"${PODS_ROOT}/boost\"",
					"\"${PODS_ROOT}/boost\"",
					"\"${PODS_ROOT}/boost\"",
					"\"${PODS_ROOT}/boost\"",
					"\"${PODS_ROOT}/boost\"",
					"\"${PODS_ROOT}/boost\"",
					"\"${PODS_ROOT}/eigen\"",
					"$(SRCROOT)/Libraries/Vuforia/include",
				);
				INFOPLIST_FILE = "$(SRCROOT)/OpenAR/Resources/OpenAR Development-Info.plist";
				LD_RUNPATH_SEARCH_PATHS = "$(inherited) @executable_path/Frameworks";
				LIBRARY_SEARCH_PATHS = (
					"$(inherited)",
					"$(SRCROOT)/Libraries/Vuforia/lib/arm",
				);
				PRODUCT_NAME = "OpenAR Development";
				TARGETED_DEVICE_FAMILY = "1,2";
			};
			name = Debug;
		};
		C7B10E2D1ABC34560020BFDB /* Release */ = {
			isa = XCBuildConfiguration;
			baseConfigurationReference = 0662252C111B9520A1365D4A /* Pods.release.xcconfig */;
			buildSettings = {
				ASSETCATALOG_COMPILER_APPICON_NAME = AppIcon;
				GCC_PREPROCESSOR_DEFINITIONS = (
					"$(inherited)",
					"DEVELOPMENT=1",
				);
				HEADER_SEARCH_PATHS = (
					"$(inherited)",
					"\"${PODS_ROOT}/Headers/Public\"",
					"\"${PODS_ROOT}/Headers/Public/CocoaLumberjack\"",
					"\"${PODS_ROOT}/Headers/Public/OpenCV\"",
					"\"${PODS_ROOT}/Headers/Public/OpenCV/opencv2\"",
					"\"${PODS_ROOT}/Headers/Public/OpenCV/opencv2/calib3d\"",
					"\"${PODS_ROOT}/Headers/Public/OpenCV/opencv2/contrib\"",
					"\"${PODS_ROOT}/Headers/Public/OpenCV/opencv2/core\"",
					"\"${PODS_ROOT}/Headers/Public/OpenCV/opencv2/features2d\"",
					"\"${PODS_ROOT}/Headers/Public/OpenCV/opencv2/flann\"",
					"\"${PODS_ROOT}/Headers/Public/OpenCV/opencv2/highgui\"",
					"\"${PODS_ROOT}/Headers/Public/OpenCV/opencv2/imgproc\"",
					"\"${PODS_ROOT}/Headers/Public/OpenCV/opencv2/legacy\"",
					"\"${PODS_ROOT}/Headers/Public/OpenCV/opencv2/ml\"",
					"\"${PODS_ROOT}/Headers/Public/OpenCV/opencv2/nonfree\"",
					"\"${PODS_ROOT}/Headers/Public/OpenCV/opencv2/objdetect\"",
					"\"${PODS_ROOT}/Headers/Public/OpenCV/opencv2/photo\"",
					"\"${PODS_ROOT}/Headers/Public/OpenCV/opencv2/stitching\"",
					"\"${PODS_ROOT}/Headers/Public/OpenCV/opencv2/stitching/detail\"",
					"\"${PODS_ROOT}/Headers/Public/OpenCV/opencv2/video\"",
					"\"${PODS_ROOT}/Headers/Public/OpenCV/opencv2/videostab\"",
					"\"${PODS_ROOT}/Headers/Public/OpenCV/opencv2/world\"",
					"\"${PODS_ROOT}/Headers/Public/boost\"",
					"\"${PODS_ROOT}/Headers/Public/eigen\"",
					"\"${PODS_ROOT}/boost\"",
					"\"${PODS_ROOT}/boost\"",
					"\"${PODS_ROOT}/boost\"",
					"\"${PODS_ROOT}/boost\"",
					"\"${PODS_ROOT}/boost\"",
					"\"${PODS_ROOT}/boost\"",
					"\"${PODS_ROOT}/boost\"",
					"\"${PODS_ROOT}/boost\"",
					"\"${PODS_ROOT}/eigen\"",
					"$(SRCROOT)/Libraries/Vuforia/include",
				);
				INFOPLIST_FILE = "$(SRCROOT)/OpenAR/Resources/OpenAR Development-Info.plist";
				LD_RUNPATH_SEARCH_PATHS = "$(inherited) @executable_path/Frameworks";
				LIBRARY_SEARCH_PATHS = (
					"$(inherited)",
					"$(SRCROOT)/Libraries/Vuforia/lib/arm",
				);
				PRODUCT_NAME = "OpenAR Development";
				TARGETED_DEVICE_FAMILY = "1,2";
			};
			name = Release;
		};
/* End XCBuildConfiguration section */

/* Begin XCConfigurationList section */
		C7B10DEC1ABC2D370020BFDB /* Build configuration list for PBXProject "OpenAR" */ = {
			isa = XCConfigurationList;
			buildConfigurations = (
				C7B10E121ABC2D370020BFDB /* Debug */,
				C7B10E131ABC2D370020BFDB /* Release */,
			);
			defaultConfigurationIsVisible = 0;
			defaultConfigurationName = Release;
		};
		C7B10E141ABC2D370020BFDB /* Build configuration list for PBXNativeTarget "OpenAR" */ = {
			isa = XCConfigurationList;
			buildConfigurations = (
				C7B10E151ABC2D370020BFDB /* Debug */,
				C7B10E161ABC2D370020BFDB /* Release */,
			);
			defaultConfigurationIsVisible = 0;
			defaultConfigurationName = Release;
		};
		C7B10E171ABC2D370020BFDB /* Build configuration list for PBXNativeTarget "OpenARTests" */ = {
			isa = XCConfigurationList;
			buildConfigurations = (
				C7B10E181ABC2D370020BFDB /* Debug */,
				C7B10E191ABC2D370020BFDB /* Release */,
			);
			defaultConfigurationIsVisible = 0;
			defaultConfigurationName = Release;
		};
		C7B10E2B1ABC34560020BFDB /* Build configuration list for PBXNativeTarget "OpenAR Development" */ = {
			isa = XCConfigurationList;
			buildConfigurations = (
				C7B10E2C1ABC34560020BFDB /* Debug */,
				C7B10E2D1ABC34560020BFDB /* Release */,
			);
			defaultConfigurationIsVisible = 0;
			defaultConfigurationName = Release;
		};
/* End XCConfigurationList section */
	};
	rootObject = C7B10DE91ABC2D370020BFDB /* Project object */;
}
